
Microsoft Visual Studio Solution File, Format Version 12.00
# Visual Studio Version 16
VisualStudioVersion = 16.0.30804.86
MinimumVisualStudioVersion = 10.0.40219.1
Project("{9A19103F-16F7-4668-BE54-9A1E7A4F7556}") = "KampIntro", "KampIntro\KampIntro.csproj", "{6860E646-F655-448B-92C1-08B69BE0C1EE}"
EndProject
Project("{9A19103F-16F7-4668-BE54-9A1E7A4F7556}") = "Donguler", "Donguler\Donguler.csproj", "{0A46602B-1F82-4AC5-BCE6-87DCC91037AB}"
EndProject
Project("{9A19103F-16F7-4668-BE54-9A1E7A4F7556}") = "ClassIntro", "ClassIntro\ClassIntro.csproj", "{FF4D1AB1-D9E4-492A-BA26-6A39D511529E}"
EndProject
Project("{9A19103F-16F7-4668-BE54-9A1E7A4F7556}") = "Metotlar", "Metotlar\Metotlar.csproj", "{D53C8EF9-FDD5-4DE5-ADBE-14037FE2517D}"
EndProject
Project("{9A19103F-16F7-4668-BE54-9A1E7A4F7556}") = "Matematik", "Matematik\Matematik.csproj", "{652049AA-1FD5-4CEA-B0F1-D139384E3214}"
EndProject
Project("{9A19103F-16F7-4668-BE54-9A1E7A4F7556}") = "DegerVeReferansTipler", "DegerVeReferansTipler\DegerVeReferansTipler.csproj", "{6E482C7C-A438-4845-818B-2EA1F9E0022C}"
EndProject
Project("{9A19103F-16F7-4668-BE54-9A1E7A4F7556}") = "While", "While\While.csproj", "{726D4B43-B08D-45BF-9432-7539C7F00D87}"
EndProject
Project("{9A19103F-16F7-4668-BE54-9A1E7A4F7556}") = "Ternary Operatörü", "Ternary Operatörü\Ternary Operatörü.csproj", "{D2E329C9-2599-4B1A-84C5-0ADFF4EA7B7F}"
EndProject
Project("{9A19103F-16F7-4668-BE54-9A1E7A4F7556}") = "Methods", "Methods\Methods.csproj", "{84A0CD9B-024C-415B-9D23-80A8EE596869}"
EndProject
Project("{9A19103F-16F7-4668-BE54-9A1E7A4F7556}") = "ConsoleApp1", "..\ref ve out kullanımı\ConsoleApp1\ConsoleApp1.csproj", "{2C7C4A09-5974-4929-BF5F-6ABF81235038}"
EndProject
Project("{9A19103F-16F7-4668-BE54-9A1E7A4F7556}") = "OOP1", "OOP1\OOP1.csproj", "{5839D83B-5762-41B6-A3C5-6F0A934D36ED}"
EndProject
Project("{9A19103F-16F7-4668-BE54-9A1E7A4F7556}") = "Koleksiyonlar", "Koleksiyonlar\Koleksiyonlar.csproj", "{0E673AF1-28D5-4D4A-8FA8-C967DDA9E772}"
EndProject
Project("{FAE04EC0-301F-11D3-BF4B-00C04F79EFBC}") = "GenericsIntro", "GenericsIntro\GenericsIntro.csproj", "{6BB6332B-9715-41F8-9B6C-B714194E6A06}"
EndProject
Global
	GlobalSection(SolutionConfigurationPlatforms) = preSolution
		Debug|Any CPU = Debug|Any CPU
		Release|Any CPU = Release|Any CPU
	EndGlobalSection
	GlobalSection(ProjectConfigurationPlatforms) = postSolution
		{6860E646-F655-448B-92C1-08B69BE0C1EE}.Debug|Any CPU.ActiveCfg = Debug|Any CPU
		{6860E646-F655-448B-92C1-08B69BE0C1EE}.Debug|Any CPU.Build.0 = Debug|Any CPU
		{6860E646-F655-448B-92C1-08B69BE0C1EE}.Release|Any CPU.ActiveCfg = Release|Any CPU
		{6860E646-F655-448B-92C1-08B69BE0C1EE}.Release|Any CPU.Build.0 = Release|Any CPU
		{0A46602B-1F82-4AC5-BCE6-87DCC91037AB}.Debug|Any CPU.ActiveCfg = Debug|Any CPU
		{0A46602B-1F82-4AC5-BCE6-87DCC91037AB}.Debug|Any CPU.Build.0 = Debug|Any CPU
		{0A46602B-1F82-4AC5-BCE6-87DCC91037AB}.Release|Any CPU.ActiveCfg = Release|Any CPU
		{0A46602B-1F82-4AC5-BCE6-87DCC91037AB}.Release|Any CPU.Build.0 = Release|Any CPU
		{FF4D1AB1-D9E4-492A-BA26-6A39D511529E}.Debug|Any CPU.ActiveCfg = Debug|Any CPU
		{FF4D1AB1-D9E4-492A-BA26-6A39D511529E}.Debug|Any CPU.Build.0 = Debug|Any CPU
		{FF4D1AB1-D9E4-492A-BA26-6A39D511529E}.Release|Any CPU.ActiveCfg = Release|Any CPU
		{FF4D1AB1-D9E4-492A-BA26-6A39D511529E}.Release|Any CPU.Build.0 = Release|Any CPU
		{D53C8EF9-FDD5-4DE5-ADBE-14037FE2517D}.Debug|Any CPU.ActiveCfg = Debug|Any CPU
		{D53C8EF9-FDD5-4DE5-ADBE-14037FE2517D}.Debug|Any CPU.Build.0 = Debug|Any CPU
		{D53C8EF9-FDD5-4DE5-ADBE-14037FE2517D}.Release|Any CPU.ActiveCfg = Release|Any CPU
		{D53C8EF9-FDD5-4DE5-ADBE-14037FE2517D}.Release|Any CPU.Build.0 = Release|Any CPU
		{652049AA-1FD5-4CEA-B0F1-D139384E3214}.Debug|Any CPU.ActiveCfg = Debug|Any CPU
		{652049AA-1FD5-4CEA-B0F1-D139384E3214}.Debug|Any CPU.Build.0 = Debug|Any CPU
		{652049AA-1FD5-4CEA-B0F1-D139384E3214}.Release|Any CPU.ActiveCfg = Release|Any CPU
		{652049AA-1FD5-4CEA-B0F1-D139384E3214}.Release|Any CPU.Build.0 = Release|Any CPU
		{6E482C7C-A438-4845-818B-2EA1F9E0022C}.Debug|Any CPU.ActiveCfg = Debug|Any CPU
		{6E482C7C-A438-4845-818B-2EA1F9E0022C}.Debug|Any CPU.Build.0 = Debug|Any CPU
		{6E482C7C-A438-4845-818B-2EA1F9E0022C}.Release|Any CPU.ActiveCfg = Release|Any CPU
		{6E482C7C-A438-4845-818B-2EA1F9E0022C}.Release|Any CPU.Build.0 = Release|Any CPU
		{726D4B43-B08D-45BF-9432-7539C7F00D87}.Debug|Any CPU.ActiveCfg = Debug|Any CPU
		{726D4B43-B08D-45BF-9432-7539C7F00D87}.Debug|Any CPU.Build.0 = Debug|Any CPU
		{726D4B43-B08D-45BF-9432-7539C7F00D87}.Release|Any CPU.ActiveCfg = Release|Any CPU
		{726D4B43-B08D-45BF-9432-7539C7F00D87}.Release|Any CPU.Build.0 = Release|Any CPU
		{D2E329C9-2599-4B1A-84C5-0ADFF4EA7B7F}.Debug|Any CPU.ActiveCfg = Debug|Any CPU
		{D2E329C9-2599-4B1A-84C5-0ADFF4EA7B7F}.Debug|Any CPU.Build.0 = Debug|Any CPU
		{D2E329C9-2599-4B1A-84C5-0ADFF4EA7B7F}.Release|Any CPU.ActiveCfg = Release|Any CPU
		{D2E329C9-2599-4B1A-84C5-0ADFF4EA7B7F}.Release|Any CPU.Build.0 = Release|Any CPU
		{84A0CD9B-024C-415B-9D23-80A8EE596869}.Debug|Any CPU.ActiveCfg = Debug|Any CPU
		{84A0CD9B-024C-415B-9D23-80A8EE596869}.Debug|Any CPU.Build.0 = Debug|Any CPU
		{84A0CD9B-024C-415B-9D23-80A8EE596869}.Release|Any CPU.ActiveCfg = Release|Any CPU
		{84A0CD9B-024C-415B-9D23-80A8EE596869}.Release|Any CPU.Build.0 = Release|Any CPU
		{2C7C4A09-5974-4929-BF5F-6ABF81235038}.Debug|Any CPU.ActiveCfg = Debug|Any CPU
		{2C7C4A09-5974-4929-BF5F-6ABF81235038}.Debug|Any CPU.Build.0 = Debug|Any CPU
		{2C7C4A09-5974-4929-BF5F-6ABF81235038}.Release|Any CPU.ActiveCfg = Release|Any CPU
		{2C7C4A09-5974-4929-BF5F-6ABF81235038}.Release|Any CPU.Build.0 = Release|Any CPU
		{5839D83B-5762-41B6-A3C5-6F0A934D36ED}.Debug|Any CPU.ActiveCfg = Debug|Any CPU
		{5839D83B-5762-41B6-A3C5-6F0A934D36ED}.Debug|Any CPU.Build.0 = Debug|Any CPU
		{5839D83B-5762-41B6-A3C5-6F0A934D36ED}.Release|Any CPU.ActiveCfg = Release|Any CPU
		{5839D83B-5762-41B6-A3C5-6F0A934D36ED}.Release|Any CPU.Build.0 = Release|Any CPU
		{0E673AF1-28D5-4D4A-8FA8-C967DDA9E772}.Debug|Any CPU.ActiveCfg = Debug|Any CPU
		{0E673AF1-28D5-4D4A-8FA8-C967DDA9E772}.Debug|Any CPU.Build.0 = Debug|Any CPU
		{0E673AF1-28D5-4D4A-8FA8-C967DDA9E772}.Release|Any CPU.ActiveCfg = Release|Any CPU
		{0E673AF1-28D5-4D4A-8FA8-C967DDA9E772}.Release|Any CPU.Build.0 = Release|Any CPU
		{6BB6332B-9715-41F8-9B6C-B714194E6A06}.Debug|Any CPU.ActiveCfg = Debug|Any CPU
		{6BB6332B-9715-41F8-9B6C-B714194E6A06}.Debug|Any CPU.Build.0 = Debug|Any CPU
		{6BB6332B-9715-41F8-9B6C-B714194E6A06}.Release|Any CPU.ActiveCfg = Release|Any CPU
		{6BB6332B-9715-41F8-9B6C-B714194E6A06}.Release|Any CPU.Build.0 = Release|Any CPU
	EndGlobalSection
	GlobalSection(SolutionProperties) = preSolution
		HideSolutionNode = FALSE
	EndGlobalSection
	GlobalSection(ExtensibilityGlobals) = postSolution
		SolutionGuid = {D62C2422-5B57-4FF9-841A-E6F6311F76A2}
	EndGlobalSection
EndGlobal
